// !$*UTF8*$!
{
	archiveVersion = 1;
	classes = {
	};
	objectVersion = 50;
	objects = {

/* Begin PBXBuildFile section */
		F9DF6AEF22FE7BE10081A9DD /* AppDelegate.swift in Sources */ = {isa = PBXBuildFile; fileRef = F9DF6AEE22FE7BE10081A9DD /* AppDelegate.swift */; };
		F9DF6AF122FE7BE10081A9DD /* SceneDelegate.swift in Sources */ = {isa = PBXBuildFile; fileRef = F9DF6AF022FE7BE10081A9DD /* SceneDelegate.swift */; };
		F9DF6AF322FE7BE10081A9DD /* ViewController.swift in Sources */ = {isa = PBXBuildFile; fileRef = F9DF6AF222FE7BE10081A9DD /* ViewController.swift */; };
		F9DF6AF622FE7BE10081A9DD /* Main.storyboard in Resources */ = {isa = PBXBuildFile; fileRef = F9DF6AF422FE7BE10081A9DD /* Main.storyboard */; };
		F9DF6AF822FE7BE20081A9DD /* Assets.xcassets in Resources */ = {isa = PBXBuildFile; fileRef = F9DF6AF722FE7BE20081A9DD /* Assets.xcassets */; };
		F9DF6AFB22FE7BE20081A9DD /* LaunchScreen.storyboard in Resources */ = {isa = PBXBuildFile; fileRef = F9DF6AF922FE7BE20081A9DD /* LaunchScreen.storyboard */; };
		F9DF6B0622FE7BE30081A9DD /* SingleWeatherTests.swift in Sources */ = {isa = PBXBuildFile; fileRef = F9DF6B0522FE7BE30081A9DD /* SingleWeatherTests.swift */; };
/* End PBXBuildFile section */

/* Begin PBXContainerItemProxy section */
		F9DF6B0222FE7BE30081A9DD /* PBXContainerItemProxy */ = {
			isa = PBXContainerItemProxy;
			containerPortal = F9DF6AE322FE7BE10081A9DD /* Project object */;
			proxyType = 1;
			remoteGlobalIDString = F9DF6AEA22FE7BE10081A9DD;
			remoteInfo = SingleWeather;
		};
/* End PBXContainerItemProxy section */

/* Begin PBXFileReference section */
		F9DF6AEB22FE7BE10081A9DD /* SingleWeather.app */ = {isa = PBXFileReference; explicitFileType = wrapper.application; includeInIndex = 0; path = SingleWeather.app; sourceTree = BUILT_PRODUCTS_DIR; };
		F9DF6AEE22FE7BE10081A9DD /* AppDelegate.swift */ = {isa = PBXFileReference; lastKnownFileType = sourcecode.swift; path = AppDelegate.swift; sourceTree = "<group>"; };
		F9DF6AF022FE7BE10081A9DD /* SceneDelegate.swift */ = {isa = PBXFileReference; lastKnownFileType = sourcecode.swift; path = SceneDelegate.swift; sourceTree = "<group>"; };
		F9DF6AF222FE7BE10081A9DD /* ViewController.swift */ = {isa = PBXFileReference; lastKnownFileType = sourcecode.swift; path = ViewController.swift; sourceTree = "<group>"; };
		F9DF6AF522FE7BE10081A9DD /* Base */ = {isa = PBXFileReference; lastKnownFileType = file.storyboard; name = Base; path = Base.lproj/Main.storyboard; sourceTree = "<group>"; };
		F9DF6AF722FE7BE20081A9DD /* Assets.xcassets */ = {isa = PBXFileReference; lastKnownFileType = folder.assetcatalog; path = Assets.xcassets; sourceTree = "<group>"; };
		F9DF6AFA22FE7BE20081A9DD /* Base */ = {isa = PBXFileReference; lastKnownFileType = file.storyboard; name = Base; path = Base.lproj/LaunchScreen.storyboard; sourceTree = "<group>"; };
		F9DF6AFC22FE7BE20081A9DD /* Info.plist */ = {isa = PBXFileReference; lastKnownFileType = text.plist.xml; path = Info.plist; sourceTree = "<group>"; };
		F9DF6B0122FE7BE30081A9DD /* SingleWeatherTests.xctest */ = {isa = PBXFileReference; explicitFileType = wrapper.cfbundle; includeInIndex = 0; path = SingleWeatherTests.xctest; sourceTree = BUILT_PRODUCTS_DIR; };
		F9DF6B0522FE7BE30081A9DD /* SingleWeatherTests.swift */ = {isa = PBXFileReference; lastKnownFileType = sourcecode.swift; path = SingleWeatherTests.swift; sourceTree = "<group>"; };
		F9DF6B0722FE7BE30081A9DD /* Info.plist */ = {isa = PBXFileReference; lastKnownFileType = text.plist.xml; path = Info.plist; sourceTree = "<group>"; };
/* End PBXFileReference section */

/* Begin PBXFrameworksBuildPhase section */
		F9DF6AE822FE7BE10081A9DD /* Frameworks */ = {
			isa = PBXFrameworksBuildPhase;
			buildActionMask = 2147483647;
			files = (
			);
			runOnlyForDeploymentPostprocessing = 0;
		};
		F9DF6AFE22FE7BE30081A9DD /* Frameworks */ = {
			isa = PBXFrameworksBuildPhase;
			buildActionMask = 2147483647;
			files = (
			);
			runOnlyForDeploymentPostprocessing = 0;
		};
/* End PBXFrameworksBuildPhase section */

/* Begin PBXGroup section */
		F9DF6AE222FE7BE10081A9DD = {
			isa = PBXGroup;
			children = (
				F9DF6AED22FE7BE10081A9DD /* SingleWeather */,
				F9DF6B0422FE7BE30081A9DD /* SingleWeatherTests */,
				F9DF6AEC22FE7BE10081A9DD /* Products */,
			);
			sourceTree = "<group>";
		};
		F9DF6AEC22FE7BE10081A9DD /* Products */ = {
			isa = PBXGroup;
			children = (
				F9DF6AEB22FE7BE10081A9DD /* SingleWeather.app */,
				F9DF6B0122FE7BE30081A9DD /* SingleWeatherTests.xctest */,
			);
			name = Products;
			sourceTree = "<group>";
		};
		F9DF6AED22FE7BE10081A9DD /* SingleWeather */ = {
			isa = PBXGroup;
			children = (
				F9DF6AEE22FE7BE10081A9DD /* AppDelegate.swift */,
				F9DF6AF022FE7BE10081A9DD /* SceneDelegate.swift */,
				F9DF6AF222FE7BE10081A9DD /* ViewController.swift */,
				F9DF6AF422FE7BE10081A9DD /* Main.storyboard */,
				F9DF6AF722FE7BE20081A9DD /* Assets.xcassets */,
				F9DF6AF922FE7BE20081A9DD /* LaunchScreen.storyboard */,
				F9DF6AFC22FE7BE20081A9DD /* Info.plist */,
			);
			path = SingleWeather;
			sourceTree = "<group>";
		};
		F9DF6B0422FE7BE30081A9DD /* SingleWeatherTests */ = {
			isa = PBXGroup;
			children = (
				F9DF6B0522FE7BE30081A9DD /* SingleWeatherTests.swift */,
				F9DF6B0722FE7BE30081A9DD /* Info.plist */,
			);
			path = SingleWeatherTests;
			sourceTree = "<group>";
		};
/* End PBXGroup section */

/* Begin PBXNativeTarget section */
		F9DF6AEA22FE7BE10081A9DD /* SingleWeather */ = {
			isa = PBXNativeTarget;
			buildConfigurationList = F9DF6B0A22FE7BE30081A9DD /* Build configuration list for PBXNativeTarget "SingleWeather" */;
			buildPhases = (
				F9DF6AE722FE7BE10081A9DD /* Sources */,
				F9DF6AE822FE7BE10081A9DD /* Frameworks */,
				F9DF6AE922FE7BE10081A9DD /* Resources */,
			);
			buildRules = (
			);
			dependencies = (
			);
			name = SingleWeather;
			productName = SingleWeather;
			productReference = F9DF6AEB22FE7BE10081A9DD /* SingleWeather.app */;
			productType = "com.apple.product-type.application";
		};
		F9DF6B0022FE7BE30081A9DD /* SingleWeatherTests */ = {
			isa = PBXNativeTarget;
			buildConfigurationList = F9DF6B0D22FE7BE30081A9DD /* Build configuration list for PBXNativeTarget "SingleWeatherTests" */;
			buildPhases = (
				F9DF6AFD22FE7BE30081A9DD /* Sources */,
				F9DF6AFE22FE7BE30081A9DD /* Frameworks */,
				F9DF6AFF22FE7BE30081A9DD /* Resources */,
			);
			buildRules = (
			);
			dependencies = (
				F9DF6B0322FE7BE30081A9DD /* PBXTargetDependency */,
			);
			name = SingleWeatherTests;
			productName = SingleWeatherTests;
			productReference = F9DF6B0122FE7BE30081A9DD /* SingleWeatherTests.xctest */;
			productType = "com.apple.product-type.bundle.unit-test";
		};
/* End PBXNativeTarget section */

/* Begin PBXProject section */
		F9DF6AE322FE7BE10081A9DD /* Project object */ = {
			isa = PBXProject;
			attributes = {
				LastSwiftUpdateCheck = 1100;
				LastUpgradeCheck = 1100;
				ORGANIZATIONNAME = Mon;
				TargetAttributes = {
					F9DF6AEA22FE7BE10081A9DD = {
						CreatedOnToolsVersion = 11.0;
					};
					F9DF6B0022FE7BE30081A9DD = {
						CreatedOnToolsVersion = 11.0;
						TestTargetID = F9DF6AEA22FE7BE10081A9DD;
					};
				};
			};
			buildConfigurationList = F9DF6AE622FE7BE10081A9DD /* Build configuration list for PBXProject "SingleWeather" */;
			compatibilityVersion = "Xcode 9.3";
			developmentRegion = en;
			hasScannedForEncodings = 0;
			knownRegions = (
				en,
				Base,
			);
			mainGroup = F9DF6AE222FE7BE10081A9DD;
			productRefGroup = F9DF6AEC22FE7BE10081A9DD /* Products */;
			projectDirPath = "";
			projectRoot = "";
			targets = (
				F9DF6AEA22FE7BE10081A9DD /* SingleWeather */,
				F9DF6B0022FE7BE30081A9DD /* SingleWeatherTests */,
			);
		};
/* End PBXProject section */

/* Begin PBXResourcesBuildPhase section */
		F9DF6AE922FE7BE10081A9DD /* Resources */ = {
			isa = PBXResourcesBuildPhase;
			buildActionMask = 2147483647;
			files = (
				F9DF6AFB22FE7BE20081A9DD /* LaunchScreen.storyboard in Resources */,
				F9DF6AF822FE7BE20081A9DD /* Assets.xcassets in Resources */,
				F9DF6AF622FE7BE10081A9DD /* Main.storyboard in Resources */,
			);
			runOnlyForDeploymentPostprocessing = 0;
		};
		F9DF6AFF22FE7BE30081A9DD /* Resources */ = {
			isa = PBXResourcesBuildPhase;
			buildActionMask = 2147483647;
			files = (
			);
			runOnlyForDeploymentPostprocessing = 0;
		};
/* End PBXResourcesBuildPhase section */

/* Begin PBXSourcesBuildPhase section */
		F9DF6AE722FE7BE10081A9DD /* Sources */ = {
			isa = PBXSourcesBuildPhase;
			buildActionMask = 2147483647;
			files = (
				F9DF6AF322FE7BE10081A9DD /* ViewController.swift in Sources */,
				F9DF6AEF22FE7BE10081A9DD /* AppDelegate.swift in Sources */,
				F9DF6AF122FE7BE10081A9DD /* SceneDelegate.swift in Sources */,
			);
			runOnlyForDeploymentPostprocessing = 0;
		};
		F9DF6AFD22FE7BE30081A9DD /* Sources */ = {
			isa = PBXSourcesBuildPhase;
			buildActionMask = 2147483647;
			files = (
				F9DF6B0622FE7BE30081A9DD /* SingleWeatherTests.swift in Sources */,
			);
			runOnlyForDeploymentPostprocessing = 0;
		};
/* End PBXSourcesBuildPhase section */

/* Begin PBXTargetDependency section */
		F9DF6B0322FE7BE30081A9DD /* PBXTargetDependency */ = {
			isa = PBXTargetDependency;
			target = F9DF6AEA22FE7BE10081A9DD /* SingleWeather */;
			targetProxy = F9DF6B0222FE7BE30081A9DD /* PBXContainerItemProxy */;
		};
/* End PBXTargetDependency section */

/* Begin PBXVariantGroup section */
		F9DF6AF422FE7BE10081A9DD /* Main.storyboard */ = {
			isa = PBXVariantGroup;
			children = (
				F9DF6AF522FE7BE10081A9DD /* Base */,
			);
			name = Main.storyboard;
			sourceTree = "<group>";
		};
		F9DF6AF922FE7BE20081A9DD /* LaunchScreen.storyboard */ = {
			isa = PBXVariantGroup;
			children = (
				F9DF6AFA22FE7BE20081A9DD /* Base */,
			);
			name = LaunchScreen.storyboard;
			sourceTree = "<group>";
		};
/* End PBXVariantGroup section */

/* Begin XCBuildConfiguration section */
		F9DF6B0822FE7BE30081A9DD /* Debug */ = {
			isa = XCBuildConfiguration;
			buildSettings = {
				ALWAYS_SEARCH_USER_PATHS = NO;
				CLANG_ANALYZER_NONNULL = YES;
				CLANG_ANALYZER_NUMBER_OBJECT_CONVERSION = YES_AGGRESSIVE;
				CLANG_CXX_LANGUAGE_STANDARD = "gnu++14";
				CLANG_CXX_LIBRARY = "libc++";
				CLANG_ENABLE_MODULES = YES;
				CLANG_ENABLE_OBJC_ARC = YES;
				CLANG_ENABLE_OBJC_WEAK = YES;
				CLANG_WARN_BLOCK_CAPTURE_AUTORELEASING = YES;
				CLANG_WARN_BOOL_CONVERSION = YES;
				CLANG_WARN_COMMA = YES;
				CLANG_WARN_CONSTANT_CONVERSION = YES;
				CLANG_WARN_DEPRECATED_OBJC_IMPLEMENTATIONS = YES;
				CLANG_WARN_DIRECT_OBJC_ISA_USAGE = YES_ERROR;
				CLANG_WARN_DOCUMENTATION_COMMENTS = YES;
				CLANG_WARN_EMPTY_BODY = YES;
				CLANG_WARN_ENUM_CONVERSION = YES;
				CLANG_WARN_INFINITE_RECURSION = YES;
				CLANG_WARN_INT_CONVERSION = YES;
				CLANG_WARN_NON_LITERAL_NULL_CONVERSION = YES;
				CLANG_WARN_OBJC_IMPLICIT_RETAIN_SELF = YES;
				CLANG_WARN_OBJC_LITERAL_CONVERSION = YES;
				CLANG_WARN_OBJC_ROOT_CLASS = YES_ERROR;
				CLANG_WARN_RANGE_LOOP_ANALYSIS = YES;
				CLANG_WARN_STRICT_PROTOTYPES = YES;
				CLANG_WARN_SUSPICIOUS_MOVE = YES;
				CLANG_WARN_UNGUARDED_AVAILABILITY = YES_AGGRESSIVE;
				CLANG_WARN_UNREACHABLE_CODE = YES;
				CLANG_WARN__DUPLICATE_METHOD_MATCH = YES;
				COPY_PHASE_STRIP = NO;
				DEBUG_INFORMATION_FORMAT = dwarf;
				ENABLE_STRICT_OBJC_MSGSEND = YES;
				ENABLE_TESTABILITY = YES;
				GCC_C_LANGUAGE_STANDARD = gnu11;
				GCC_DYNAMIC_NO_PIC = NO;
				GCC_NO_COMMON_BLOCKS = YES;
				GCC_OPTIMIZATION_LEVEL = 0;
				GCC_PREPROCESSOR_DEFINITIONS = (
					"DEBUG=1",
					"$(inherited)",
				);
				GCC_WARN_64_TO_32_BIT_CONVERSION = YES;
				GCC_WARN_ABOUT_RETURN_TYPE = YES_ERROR;
				GCC_WARN_UNDECLARED_SELECTOR = YES;
				GCC_WARN_UNINITIALIZED_AUTOS = YES_AGGRESSIVE;
				GCC_WARN_UNUSED_FUNCTION = YES;
				GCC_WARN_UNUSED_VARIABLE = YES;
				IPHONEOS_DEPLOYMENT_TARGET = 13.0;
				MTL_ENABLE_DEBUG_INFO = INCLUDE_SOURCE;
				MTL_FAST_MATH = YES;
				ONLY_ACTIVE_ARCH = YES;
				SDKROOT = iphoneos;
				SWIFT_ACTIVE_COMPILATION_CONDITIONS = DEBUG;
				SWIFT_OPTIMIZATION_LEVEL = "-Onone";
			};
			name = Debug;
		};
		F9DF6B0922FE7BE30081A9DD /* Release */ = {
			isa = XCBuildConfiguration;
			buildSettings = {
				ALWAYS_SEARCH_USER_PATHS = NO;
				CLANG_ANALYZER_NONNULL = YES;
				CLANG_ANALYZER_NUMBER_OBJECT_CONVERSION = YES_AGGRESSIVE;
				CLANG_CXX_LANGUAGE_STANDARD = "gnu++14";
				CLANG_CXX_LIBRARY = "libc++";
				CLANG_ENABLE_MODULES = YES;
				CLANG_ENABLE_OBJC_ARC = YES;
				CLANG_ENABLE_OBJC_WEAK = YES;
				CLANG_WARN_BLOCK_CAPTURE_AUTORELEASING = YES;
				CLANG_WARN_BOOL_CONVERSION = YES;
				CLANG_WARN_COMMA = YES;
				CLANG_WARN_CONSTANT_CONVERSION = YES;
				CLANG_WARN_DEPRECATED_OBJC_IMPLEMENTATIONS = YES;
				CLANG_WARN_DIRECT_OBJC_ISA_USAGE = YES_ERROR;
				CLANG_WARN_DOCUMENTATION_COMMENTS = YES;
				CLANG_WARN_EMPTY_BODY = YES;
				CLANG_WARN_ENUM_CONVERSION = YES;
				CLANG_WARN_INFINITE_RECURSION = YES;
				CLANG_WARN_INT_CONVERSION = YES;
				CLANG_WARN_NON_LITERAL_NULL_CONVERSION = YES;
				CLANG_WARN_OBJC_IMPLICIT_RETAIN_SELF = YES;
				CLANG_WARN_OBJC_LITERAL_CONVERSION = YES;
				CLANG_WARN_OBJC_ROOT_CLASS = YES_ERROR;
				CLANG_WARN_RANGE_LOOP_ANALYSIS = YES;
				CLANG_WARN_STRICT_PROTOTYPES = YES;
				CLANG_WARN_SUSPICIOUS_MOVE = YES;
				CLANG_WARN_UNGUARDED_AVAILABILITY = YES_AGGRESSIVE;
				CLANG_WARN_UNREACHABLE_CODE = YES;
				CLANG_WARN__DUPLICATE_METHOD_MATCH = YES;
				COPY_PHASE_STRIP = NO;
				DEBUG_INFORMATION_FORMAT = "dwarf-with-dsym";
				ENABLE_NS_ASSERTIONS = NO;
				ENABLE_STRICT_OBJC_MSGSEND = YES;
				GCC_C_LANGUAGE_STANDARD = gnu11;
				GCC_NO_COMMON_BLOCKS = YES;
				GCC_WARN_64_TO_32_BIT_CONVERSION = YES;
				GCC_WARN_ABOUT_RETURN_TYPE = YES_ERROR;
				GCC_WARN_UNDECLARED_SELECTOR = YES;
				GCC_WARN_UNINITIALIZED_AUTOS = YES_AGGRESSIVE;
				GCC_WARN_UNUSED_FUNCTION = YES;
				GCC_WARN_UNUSED_VARIABLE = YES;
				IPHONEOS_DEPLOYMENT_TARGET = 13.0;
				MTL_ENABLE_DEBUG_INFO = NO;
				MTL_FAST_MATH = YES;
				SDKROOT = iphoneos;
				SWIFT_COMPILATION_MODE = wholemodule;
				SWIFT_OPTIMIZATION_LEVEL = "-O";
				VALIDATE_PRODUCT = YES;
			};
			name = Release;
		};
		F9DF6B0B22FE7BE30081A9DD /* Debug */ = {
			isa = XCBuildConfiguration;
			buildSettings = {
				ASSETCATALOG_COMPILER_APPICON_NAME = AppIcon;
				CODE_SIGN_STYLE = Automatic;
				INFOPLIST_FILE = SingleWeather/Info.plist;
				LD_RUNPATH_SEARCH_PATHS = (
					"$(inherited)",
					"@executable_path/Frameworks",
				);
				PRODUCT_BUNDLE_IDENTIFIER = mon.SingleWeather;
				PRODUCT_NAME = "$(TARGET_NAME)";
				SWIFT_VERSION = 5.0;
				TARGETED_DEVICE_FAMILY = "1,2";
			};
			name = Debug;
		};
		F9DF6B0C22FE7BE30081A9DD /* Release */ = {
			isa = XCBuildConfiguration;
			buildSettings = {
				ASSETCATALOG_COMPILER_APPICON_NAME = AppIcon;
				CODE_SIGN_STYLE = Automatic;
				INFOPLIST_FILE = SingleWeather/Info.plist;
				LD_RUNPATH_SEARCH_PATHS = (
					"$(inherited)",
					"@executable_path/Frameworks",
				);
				PRODUCT_BUNDLE_IDENTIFIER = mon.SingleWeather;
				PRODUCT_NAME = "$(TARGET_NAME)";
				SWIFT_VERSION = 5.0;
				TARGETED_DEVICE_FAMILY = "1,2";
			};
			name = Release;
		};
		F9DF6B0E22FE7BE30081A9DD /* Debug */ = {
			isa = XCBuildConfiguration;
			buildSettings = {
				ALWAYS_EMBED_SWIFT_STANDARD_LIBRARIES = YES;
				BUNDLE_LOADER = "$(TEST_HOST)";
				CODE_SIGN_STYLE = Automatic;
				INFOPLIST_FILE = SingleWeatherTests/Info.plist;
				LD_RUNPATH_SEARCH_PATHS = (
					"$(inherited)",
					"@executable_path/Frameworks",
					"@loader_path/Frameworks",
				);
				PRODUCT_BUNDLE_IDENTIFIER = mon.SingleWeatherTests;
				PRODUCT_NAME = "$(TARGET_NAME)";
				SWIFT_VERSION = 5.0;
				TARGETED_DEVICE_FAMILY = "1,2";
				TEST_HOST = "$(BUILT_PRODUCTS_DIR)/SingleWeather.app/SingleWeather";
			};
			name = Debug;
		};
		F9DF6B0F22FE7BE30081A9DD /* Release */ = {
			isa = XCBuildConfiguration;
			buildSettings = {
				ALWAYS_EMBED_SWIFT_STANDARD_LIBRARIES = YES;
				BUNDLE_LOADER = "$(TEST_HOST)";
				CODE_SIGN_STYLE = Automatic;
				INFOPLIST_FILE = SingleWeatherTests/Info.plist;
				LD_RUNPATH_SEARCH_PATHS = (
					"$(inherited)",
					"@executable_path/Frameworks",
					"@loader_path/Frameworks",
				);
				PRODUCT_BUNDLE_IDENTIFIER = mon.SingleWeatherTests;
				PRODUCT_NAME = "$(TARGET_NAME)";
				SWIFT_VERSION = 5.0;
				TARGETED_DEVICE_FAMILY = "1,2";
				TEST_HOST = "$(BUILT_PRODUCTS_DIR)/SingleWeather.app/SingleWeather";
			};
			name = Release;
		};
/* End XCBuildConfiguration section */

/* Begin XCConfigurationList section */
		F9DF6AE622FE7BE10081A9DD /* Build configuration list for PBXProject "SingleWeather" */ = {
			isa = XCConfigurationList;
			buildConfigurations = (
				F9DF6B0822FE7BE30081A9DD /* Debug */,
				F9DF6B0922FE7BE30081A9DD /* Release */,
			);
			defaultConfigurationIsVisible = 0;
			defaultConfigurationName = Release;
		};
		F9DF6B0A22FE7BE30081A9DD /* Build configuration list for PBXNativeTarget "SingleWeather" */ = {
			isa = XCConfigurationList;
			buildConfigurations = (
				F9DF6B0B22FE7BE30081A9DD /* Debug */,
				F9DF6B0C22FE7BE30081A9DD /* Release */,
			);
			defaultConfigurationIsVisible = 0;
			defaultConfigurationName = Release;
		};
		F9DF6B0D22FE7BE30081A9DD /* Build configuration list for PBXNativeTarget "SingleWeatherTests" */ = {
			isa = XCConfigurationList;
			buildConfigurations = (
				F9DF6B0E22FE7BE30081A9DD /* Debug */,
				F9DF6B0F22FE7BE30081A9DD /* Release */,
			);
			defaultConfigurationIsVisible = 0;
			defaultConfigurationName = Release;
		};
/* End XCConfigurationList section */
	};
	rootObject = F9DF6AE322FE7BE10081A9DD /* Project object */;
}
